Microsoft Visual Studio Solution File, Format Version 11.00
# Visual Studio 2008

Project("{EBAB7170-B2F4-4446-56D6-65A56779272D}") = "ws-sample01", "Assembly-CSharp.csproj", "{9E8F8ED2-E63E-FBDC-2DD0-BFB71A8DAFD5}"
EndProject
Global
	GlobalSection(SolutionConfigurationPlatforms) = preSolution
		Debug|Any CPU = Debug|Any CPU
		Release|Any CPU = Release|Any CPU
	EndGlobalSection
	GlobalSection(ProjectConfigurationPlatforms) = postSolution
		{9E8F8ED2-E63E-FBDC-2DD0-BFB71A8DAFD5}.Debug|Any CPU.ActiveCfg = Debug|Any CPU
		{9E8F8ED2-E63E-FBDC-2DD0-BFB71A8DAFD5}.Debug|Any CPU.Build.0 = Debug|Any CPU
		{9E8F8ED2-E63E-FBDC-2DD0-BFB71A8DAFD5}.Release|Any CPU.ActiveCfg = Release|Any CPU
		{9E8F8ED2-E63E-FBDC-2DD0-BFB71A8DAFD5}.Release|Any CPU.Build.0 = Release|Any CPU
	EndGlobalSection
	GlobalSection(SolutionProperties) = preSolution
		HideSolutionNode = FALSE
	EndGlobalSection
		GlobalSection(MonoDevelopProperties) = preSolution
		StartupItem = Assembly-CSharp.csproj
		Policies = $0
		$0.TextStylePolicy = $1
		$1.inheritsSet = null
		$1.scope = text/x-csharp
		$0.CSharpFormattingPolicy = $2
		$2.inheritsSet = Mono
		$2.inheritsScope = text/x-csharp
		$2.scope = text/x-csharp
		$0.TextStylePolicy = $3
		$3.FileWidth = 120
		$3.TabWidth = 4
		$3.EolMarker = Unix
		$3.inheritsSet = Mono
		$3.inheritsScope = text/plain
		$3.scope = text/plain
	EndGlobalSection

EndGlobal
